
Microsoft Visual Studio Solution File, Format Version 12.00
# Visual Studio 15
VisualStudioVersion = 15.0.27703.2042
MinimumVisualStudioVersion = 10.0.40219.1
Project("{FAE04EC0-301F-11D3-BF4B-00C04F79EFBC}") = "NetCoreTypeScriptSample", "NetCoreTypeScriptSample\NetCoreTypeScriptSample.csproj", "{AA3AE8DD-7F80-48E0-9BDE-1E655BA57253}"
EndProject
Global
	GlobalSection(SolutionConfigurationPlatforms) = preSolution
		Debug|Any CPU = Debug|Any CPU
		Release|Any CPU = Release|Any CPU
	EndGlobalSection
	GlobalSection(ProjectConfigurationPlatforms) = postSolution
		{AA3AE8DD-7F80-48E0-9BDE-1E655BA57253}.Debug|Any CPU.ActiveCfg = Debug|Any CPU
		{AA3AE8DD-7F80-48E0-9BDE-1E655BA57253}.Debug|Any CPU.Build.0 = Debug|Any CPU
		{AA3AE8DD-7F80-48E0-9BDE-1E655BA57253}.Release|Any CPU.ActiveCfg = Release|Any CPU
		{AA3AE8DD-7F80-48E0-9BDE-1E655BA57253}.Release|Any CPU.Build.0 = Release|Any CPU
	EndGlobalSection
	GlobalSection(SolutionProperties) = preSolution
		HideSolutionNode = FALSE
	EndGlobalSection
	GlobalSection(ExtensibilityGlobals) = postSolution
		SolutionGuid = {B6CD9802-09C4-4E87-B03A-067D66F075C1}
	EndGlobalSection
EndGlobal
